{
  "originHash" : "796d1d5b04844d07ec2ace5349441bb3c144fff0b750c68a7029d4e265c6e68a",
  "pins" : [
    {
      "identity" : "symaira-appkit",
      "kind" : "remoteSourceControl",
      "location" : "https://github.com/danieljustus/symaira-appkit.git",
      "state" : {
        "revision" : "1c49c45a31a605ad7e2fcfe6d2c3aa504768adf4",
        "version" : "0.14.1"
      }
    }
  ],
  "version" : 3
}
